
Microsoft Visual Studio Solution File, Format Version 12.00
# Visual Studio Version 17
VisualStudioVersion = 17.8.34316.72
MinimumVisualStudioVersion = 10.0.40219.1
Project("{FAE04EC0-301F-11D3-BF4B-00C04F79EFBC}") = "prullenbak", "prullenbak\prullenbak.csproj", "{9F88D9D9-455E-4037-996E-AF276BC71269}"
EndProject
Global
	GlobalSection(SolutionConfigurationPlatforms) = preSolution
		Debug|Any CPU = Debug|Any CPU
		Release|Any CPU = Release|Any CPU
	EndGlobalSection
	GlobalSection(ProjectConfigurationPlatforms) = postSolution
		{9F88D9D9-455E-4037-996E-AF276BC71269}.Debug|Any CPU.ActiveCfg = Debug|Any CPU
		{9F88D9D9-455E-4037-996E-AF276BC71269}.Debug|Any CPU.Build.0 = Debug|Any CPU
		{9F88D9D9-455E-4037-996E-AF276BC71269}.Release|Any CPU.ActiveCfg = Release|Any CPU
		{9F88D9D9-455E-4037-996E-AF276BC71269}.Release|Any CPU.Build.0 = Release|Any CPU
	EndGlobalSection
	GlobalSection(SolutionProperties) = preSolution
		HideSolutionNode = FALSE
	EndGlobalSection
	GlobalSection(ExtensibilityGlobals) = postSolution
		SolutionGuid = {13FF3D9F-C4C9-4544-8AF1-E58A1D590867}
	EndGlobalSection
EndGlobal
